
Microsoft Visual Studio Solution File, Format Version 12.00
# Visual Studio Version 17
VisualStudioVersion = 17.7.34031.279
MinimumVisualStudioVersion = 10.0.40219.1
Project("{2150E333-8FDC-42A3-9474-1A3956D46DE8}") = "src", "src", "{08CE1004-C18E-4C3A-B8CB-6A67003AC1F8}"
EndProject
Project("{2150E333-8FDC-42A3-9474-1A3956D46DE8}") = "Modules", "Modules", "{B7BCC3B9-4D25-4D67-A4B0-BF8006354440}"
EndProject
Project("{2150E333-8FDC-42A3-9474-1A3956D46DE8}") = "RetailSalesProduct", "RetailSalesProduct", "{AD80CCE9-1E1B-4AFE-B0DB-073C69A5DDF2}"
EndProject
Project("{2150E333-8FDC-42A3-9474-1A3956D46DE8}") = "Common", "Common", "{A7CD8F93-F623-4C8F-AA47-6A82587CC28C}"
EndProject
Project("{2150E333-8FDC-42A3-9474-1A3956D46DE8}") = "Domain", "Domain", "{888AFA34-3997-45B6-9B36-2B5B23B7E94E}"
EndProject
Project("{9A19103F-16F7-4668-BE54-9A1E7A4F7556}") = "Troonch.Domain.Base", "Troonch.Domain.Base\Troonch.Domain.Base.csproj", "{6F1E9D81-DED6-4671-BF80-23D4F94D3ACE}"
EndProject
Project("{2150E333-8FDC-42A3-9474-1A3956D46DE8}") = "DataAccess", "DataAccess", "{4008A9A5-9A9F-4FFD-834F-7D800F8AD99F}"
EndProject
Project("{9A19103F-16F7-4668-BE54-9A1E7A4F7556}") = "Troonch.DataAccess.Base", "Troonch.DataAccess.Base\Troonch.DataAccess.Base.csproj", "{F9AC7B86-4094-4E2F-9C05-9CCE42CCC954}"
EndProject
Project("{2150E333-8FDC-42A3-9474-1A3956D46DE8}") = "Test", "Test", "{5AD40225-2E3E-40BF-AF08-99EE851D995E}"
EndProject
Project("{9A19103F-16F7-4668-BE54-9A1E7A4F7556}") = "Troonch.CA.Test", "Troonch.CA.Test\Troonch.CA.Test.csproj", "{0863BAD1-BCAE-4FED-BBB8-7D19B351A889}"
EndProject
Project("{9A19103F-16F7-4668-BE54-9A1E7A4F7556}") = "Troonch.RetailSales.Product.DataAccess", "Troonch.RetailSales.Product.DataAccess\Troonch.RetailSales.Product.DataAccess.csproj", "{3B6BBFC9-F84D-49FF-BE3E-D7A2EBDA20EA}"
EndProject
Project("{9A19103F-16F7-4668-BE54-9A1E7A4F7556}") = "Troonch.RetailSales.Product.Domain", "Troonch.RetailSales.Product.Domain\Troonch.RetailSales.Product.Domain.csproj", "{51D4E8FB-7749-465E-B291-1591BFE72606}"
EndProject
Project("{2150E333-8FDC-42A3-9474-1A3956D46DE8}") = "Application", "Application", "{9CA5FD7A-834E-43B9-B086-D13A041D2B99}"
EndProject
Project("{9A19103F-16F7-4668-BE54-9A1E7A4F7556}") = "Troonch.Application.Base", "Troonch.Application.Base\Troonch.Application.Base.csproj", "{E63A03F4-D1CF-48AF-8F7B-AEC7140D15D6}"
EndProject
Project("{9A19103F-16F7-4668-BE54-9A1E7A4F7556}") = "Troonch.RetailSales.Product.Application", "Troonch.RetailSales.Product.Application\Troonch.RetailSales.Product.Application.csproj", "{C30F382B-EAC5-4225-8381-0BCB416CB3C0}"
EndProject
Project("{2150E333-8FDC-42A3-9474-1A3956D46DE8}") = "Presentation", "Presentation", "{274A5B2F-9723-48D9-A823-F01BC6EEB02F}"
EndProject
Project("{9A19103F-16F7-4668-BE54-9A1E7A4F7556}") = "Troonch.Retail.App", "Troonch.Retail.App\Troonch.Retail.App.csproj", "{5DF64839-BB1E-4DBC-9CB2-0A3936EE3DAE}"
EndProject
Project("{2150E333-8FDC-42A3-9474-1A3956D46DE8}") = "Auth&Users", "Auth&Users", "{E759678C-8FC3-404C-BC2E-F7F559E57B2F}"
EndProject
Project("{9A19103F-16F7-4668-BE54-9A1E7A4F7556}") = "Troonch.User.DataAccess", "Troonch.RetailSales.User.DataAccess\Troonch.User.DataAccess.csproj", "{0C928123-8EA7-4EA6-B17F-5315291DBED8}"
EndProject
Project("{9A19103F-16F7-4668-BE54-9A1E7A4F7556}") = "Troonch.User.Domain", "Troonch.User.Domain\Troonch.User.Domain.csproj", "{E285FDA4-E18D-4843-AFB9-BF35404588BC}"
EndProject
Project("{9A19103F-16F7-4668-BE54-9A1E7A4F7556}") = "Troonch.User.Application", "Troonch.User.Services\Troonch.User.Application.csproj", "{24CFC555-1276-491B-9F24-614572040A6C}"
EndProject
Project("{9A19103F-16F7-4668-BE54-9A1E7A4F7556}") = "Troonch.User.Presentation", "Troonch.User.Presentation\Troonch.User.Presentation.csproj", "{6B70598C-5F15-458A-98E2-4D35B7B6CBB8}"
EndProject
Project("{2150E333-8FDC-42A3-9474-1A3956D46DE8}") = "EmailSender", "EmailSender", "{A9958315-1AAC-476B-B851-6D95D0C4E002}"
EndProject
Project("{FAE04EC0-301F-11D3-BF4B-00C04F79EFBC}") = "Troonch.EmailSender.Rdcom", "Troonch.EmailSender.Application\Troonch.EmailSender.Rdcom.csproj", "{CEB54E01-5974-4F39-8B6B-8F6A0D0BDF14}"
EndProject
Project("{FAE04EC0-301F-11D3-BF4B-00C04F79EFBC}") = "Troonch.EmailSender.MailTrap", "Troonch.EmailSender.MailTrap\Troonch.EmailSender.MailTrap.csproj", "{5E5C8615-084A-4999-BCEA-9FF08933355C}"
EndProject
Global
	GlobalSection(SolutionConfigurationPlatforms) = preSolution
		Debug|Any CPU = Debug|Any CPU
		Release|Any CPU = Release|Any CPU
	EndGlobalSection
	GlobalSection(ProjectConfigurationPlatforms) = postSolution
		{6F1E9D81-DED6-4671-BF80-23D4F94D3ACE}.Debug|Any CPU.ActiveCfg = Debug|Any CPU
		{6F1E9D81-DED6-4671-BF80-23D4F94D3ACE}.Debug|Any CPU.Build.0 = Debug|Any CPU
		{6F1E9D81-DED6-4671-BF80-23D4F94D3ACE}.Release|Any CPU.ActiveCfg = Release|Any CPU
		{6F1E9D81-DED6-4671-BF80-23D4F94D3ACE}.Release|Any CPU.Build.0 = Release|Any CPU
		{F9AC7B86-4094-4E2F-9C05-9CCE42CCC954}.Debug|Any CPU.ActiveCfg = Debug|Any CPU
		{F9AC7B86-4094-4E2F-9C05-9CCE42CCC954}.Debug|Any CPU.Build.0 = Debug|Any CPU
		{F9AC7B86-4094-4E2F-9C05-9CCE42CCC954}.Release|Any CPU.ActiveCfg = Release|Any CPU
		{F9AC7B86-4094-4E2F-9C05-9CCE42CCC954}.Release|Any CPU.Build.0 = Release|Any CPU
		{0863BAD1-BCAE-4FED-BBB8-7D19B351A889}.Debug|Any CPU.ActiveCfg = Debug|Any CPU
		{0863BAD1-BCAE-4FED-BBB8-7D19B351A889}.Debug|Any CPU.Build.0 = Debug|Any CPU
		{0863BAD1-BCAE-4FED-BBB8-7D19B351A889}.Release|Any CPU.ActiveCfg = Release|Any CPU
		{0863BAD1-BCAE-4FED-BBB8-7D19B351A889}.Release|Any CPU.Build.0 = Release|Any CPU
		{3B6BBFC9-F84D-49FF-BE3E-D7A2EBDA20EA}.Debug|Any CPU.ActiveCfg = Debug|Any CPU
		{3B6BBFC9-F84D-49FF-BE3E-D7A2EBDA20EA}.Debug|Any CPU.Build.0 = Debug|Any CPU
		{3B6BBFC9-F84D-49FF-BE3E-D7A2EBDA20EA}.Release|Any CPU.ActiveCfg = Release|Any CPU
		{3B6BBFC9-F84D-49FF-BE3E-D7A2EBDA20EA}.Release|Any CPU.Build.0 = Release|Any CPU
		{51D4E8FB-7749-465E-B291-1591BFE72606}.Debug|Any CPU.ActiveCfg = Debug|Any CPU
		{51D4E8FB-7749-465E-B291-1591BFE72606}.Debug|Any CPU.Build.0 = Debug|Any CPU
		{51D4E8FB-7749-465E-B291-1591BFE72606}.Release|Any CPU.ActiveCfg = Release|Any CPU
		{51D4E8FB-7749-465E-B291-1591BFE72606}.Release|Any CPU.Build.0 = Release|Any CPU
		{E63A03F4-D1CF-48AF-8F7B-AEC7140D15D6}.Debug|Any CPU.ActiveCfg = Debug|Any CPU
		{E63A03F4-D1CF-48AF-8F7B-AEC7140D15D6}.Debug|Any CPU.Build.0 = Debug|Any CPU
		{E63A03F4-D1CF-48AF-8F7B-AEC7140D15D6}.Release|Any CPU.ActiveCfg = Release|Any CPU
		{E63A03F4-D1CF-48AF-8F7B-AEC7140D15D6}.Release|Any CPU.Build.0 = Release|Any CPU
		{C30F382B-EAC5-4225-8381-0BCB416CB3C0}.Debug|Any CPU.ActiveCfg = Debug|Any CPU
		{C30F382B-EAC5-4225-8381-0BCB416CB3C0}.Debug|Any CPU.Build.0 = Debug|Any CPU
		{C30F382B-EAC5-4225-8381-0BCB416CB3C0}.Release|Any CPU.ActiveCfg = Release|Any CPU
		{C30F382B-EAC5-4225-8381-0BCB416CB3C0}.Release|Any CPU.Build.0 = Release|Any CPU
		{5DF64839-BB1E-4DBC-9CB2-0A3936EE3DAE}.Debug|Any CPU.ActiveCfg = Debug|Any CPU
		{5DF64839-BB1E-4DBC-9CB2-0A3936EE3DAE}.Debug|Any CPU.Build.0 = Debug|Any CPU
		{5DF64839-BB1E-4DBC-9CB2-0A3936EE3DAE}.Release|Any CPU.ActiveCfg = Release|Any CPU
		{5DF64839-BB1E-4DBC-9CB2-0A3936EE3DAE}.Release|Any CPU.Build.0 = Release|Any CPU
		{0C928123-8EA7-4EA6-B17F-5315291DBED8}.Debug|Any CPU.ActiveCfg = Debug|Any CPU
		{0C928123-8EA7-4EA6-B17F-5315291DBED8}.Debug|Any CPU.Build.0 = Debug|Any CPU
		{0C928123-8EA7-4EA6-B17F-5315291DBED8}.Release|Any CPU.ActiveCfg = Release|Any CPU
		{0C928123-8EA7-4EA6-B17F-5315291DBED8}.Release|Any CPU.Build.0 = Release|Any CPU
		{E285FDA4-E18D-4843-AFB9-BF35404588BC}.Debug|Any CPU.ActiveCfg = Debug|Any CPU
		{E285FDA4-E18D-4843-AFB9-BF35404588BC}.Debug|Any CPU.Build.0 = Debug|Any CPU
		{E285FDA4-E18D-4843-AFB9-BF35404588BC}.Release|Any CPU.ActiveCfg = Release|Any CPU
		{E285FDA4-E18D-4843-AFB9-BF35404588BC}.Release|Any CPU.Build.0 = Release|Any CPU
		{24CFC555-1276-491B-9F24-614572040A6C}.Debug|Any CPU.ActiveCfg = Debug|Any CPU
		{24CFC555-1276-491B-9F24-614572040A6C}.Debug|Any CPU.Build.0 = Debug|Any CPU
		{24CFC555-1276-491B-9F24-614572040A6C}.Release|Any CPU.ActiveCfg = Release|Any CPU
		{24CFC555-1276-491B-9F24-614572040A6C}.Release|Any CPU.Build.0 = Release|Any CPU
		{6B70598C-5F15-458A-98E2-4D35B7B6CBB8}.Debug|Any CPU.ActiveCfg = Debug|Any CPU
		{6B70598C-5F15-458A-98E2-4D35B7B6CBB8}.Debug|Any CPU.Build.0 = Debug|Any CPU
		{6B70598C-5F15-458A-98E2-4D35B7B6CBB8}.Release|Any CPU.ActiveCfg = Release|Any CPU
		{6B70598C-5F15-458A-98E2-4D35B7B6CBB8}.Release|Any CPU.Build.0 = Release|Any CPU
		{CEB54E01-5974-4F39-8B6B-8F6A0D0BDF14}.Debug|Any CPU.ActiveCfg = Debug|Any CPU
		{CEB54E01-5974-4F39-8B6B-8F6A0D0BDF14}.Debug|Any CPU.Build.0 = Debug|Any CPU
		{CEB54E01-5974-4F39-8B6B-8F6A0D0BDF14}.Release|Any CPU.ActiveCfg = Release|Any CPU
		{CEB54E01-5974-4F39-8B6B-8F6A0D0BDF14}.Release|Any CPU.Build.0 = Release|Any CPU
		{5E5C8615-084A-4999-BCEA-9FF08933355C}.Debug|Any CPU.ActiveCfg = Debug|Any CPU
		{5E5C8615-084A-4999-BCEA-9FF08933355C}.Debug|Any CPU.Build.0 = Debug|Any CPU
		{5E5C8615-084A-4999-BCEA-9FF08933355C}.Release|Any CPU.ActiveCfg = Release|Any CPU
		{5E5C8615-084A-4999-BCEA-9FF08933355C}.Release|Any CPU.Build.0 = Release|Any CPU
	EndGlobalSection
	GlobalSection(SolutionProperties) = preSolution
		HideSolutionNode = FALSE
	EndGlobalSection
	GlobalSection(NestedProjects) = preSolution
		{B7BCC3B9-4D25-4D67-A4B0-BF8006354440} = {08CE1004-C18E-4C3A-B8CB-6A67003AC1F8}
		{AD80CCE9-1E1B-4AFE-B0DB-073C69A5DDF2} = {B7BCC3B9-4D25-4D67-A4B0-BF8006354440}
		{A7CD8F93-F623-4C8F-AA47-6A82587CC28C} = {08CE1004-C18E-4C3A-B8CB-6A67003AC1F8}
		{888AFA34-3997-45B6-9B36-2B5B23B7E94E} = {A7CD8F93-F623-4C8F-AA47-6A82587CC28C}
		{6F1E9D81-DED6-4671-BF80-23D4F94D3ACE} = {888AFA34-3997-45B6-9B36-2B5B23B7E94E}
		{4008A9A5-9A9F-4FFD-834F-7D800F8AD99F} = {A7CD8F93-F623-4C8F-AA47-6A82587CC28C}
		{F9AC7B86-4094-4E2F-9C05-9CCE42CCC954} = {4008A9A5-9A9F-4FFD-834F-7D800F8AD99F}
		{5AD40225-2E3E-40BF-AF08-99EE851D995E} = {08CE1004-C18E-4C3A-B8CB-6A67003AC1F8}
		{0863BAD1-BCAE-4FED-BBB8-7D19B351A889} = {5AD40225-2E3E-40BF-AF08-99EE851D995E}
		{3B6BBFC9-F84D-49FF-BE3E-D7A2EBDA20EA} = {AD80CCE9-1E1B-4AFE-B0DB-073C69A5DDF2}
		{51D4E8FB-7749-465E-B291-1591BFE72606} = {AD80CCE9-1E1B-4AFE-B0DB-073C69A5DDF2}
		{9CA5FD7A-834E-43B9-B086-D13A041D2B99} = {A7CD8F93-F623-4C8F-AA47-6A82587CC28C}
		{E63A03F4-D1CF-48AF-8F7B-AEC7140D15D6} = {9CA5FD7A-834E-43B9-B086-D13A041D2B99}
		{C30F382B-EAC5-4225-8381-0BCB416CB3C0} = {AD80CCE9-1E1B-4AFE-B0DB-073C69A5DDF2}
		{274A5B2F-9723-48D9-A823-F01BC6EEB02F} = {08CE1004-C18E-4C3A-B8CB-6A67003AC1F8}
		{5DF64839-BB1E-4DBC-9CB2-0A3936EE3DAE} = {274A5B2F-9723-48D9-A823-F01BC6EEB02F}
		{E759678C-8FC3-404C-BC2E-F7F559E57B2F} = {B7BCC3B9-4D25-4D67-A4B0-BF8006354440}
		{0C928123-8EA7-4EA6-B17F-5315291DBED8} = {E759678C-8FC3-404C-BC2E-F7F559E57B2F}
		{E285FDA4-E18D-4843-AFB9-BF35404588BC} = {E759678C-8FC3-404C-BC2E-F7F559E57B2F}
		{24CFC555-1276-491B-9F24-614572040A6C} = {E759678C-8FC3-404C-BC2E-F7F559E57B2F}
		{6B70598C-5F15-458A-98E2-4D35B7B6CBB8} = {E759678C-8FC3-404C-BC2E-F7F559E57B2F}
		{A9958315-1AAC-476B-B851-6D95D0C4E002} = {B7BCC3B9-4D25-4D67-A4B0-BF8006354440}
		{CEB54E01-5974-4F39-8B6B-8F6A0D0BDF14} = {A9958315-1AAC-476B-B851-6D95D0C4E002}
		{5E5C8615-084A-4999-BCEA-9FF08933355C} = {A9958315-1AAC-476B-B851-6D95D0C4E002}
	EndGlobalSection
	GlobalSection(ExtensibilityGlobals) = postSolution
		SolutionGuid = {B68A1CD8-FDD9-42B6-8006-20F5D44E6F2F}
	EndGlobalSection
EndGlobal
